// !$*UTF8*$!
{
	archiveVersion = 1;
	classes = {
	};
	objectVersion = 56;
	objects = {

/* Begin PBXBuildFile section */
		30745E332C98A2D40075ECB1 /* AppDelegate.swift in Sources */ = {isa = PBXBuildFile; fileRef = 30745E322C98A2D40075ECB1 /* AppDelegate.swift */; };
		30745E352C98A2D40075ECB1 /* SceneDelegate.swift in Sources */ = {isa = PBXBuildFile; fileRef = 30745E342C98A2D40075ECB1 /* SceneDelegate.swift */; };
		30745E372C98A2D40075ECB1 /* ViewController.swift in Sources */ = {isa = PBXBuildFile; fileRef = 30745E362C98A2D40075ECB1 /* ViewController.swift */; };
		30745E3A2C98A2D40075ECB1 /* Base in Resources */ = {isa = PBXBuildFile; fileRef = 30745E392C98A2D40075ECB1 /* Base */; };
		30745E3D2C98A2D40075ECB1 /* RickAndMorty.xcdatamodeld in Sources */ = {isa = PBXBuildFile; fileRef = 30745E3B2C98A2D40075ECB1 /* RickAndMorty.xcdatamodeld */; };
		30745E3F2C98A2D50075ECB1 /* Assets.xcassets in Resources */ = {isa = PBXBuildFile; fileRef = 30745E3E2C98A2D50075ECB1 /* Assets.xcassets */; };
		30745E422C98A2D50075ECB1 /* Base in Resources */ = {isa = PBXBuildFile; fileRef = 30745E412C98A2D50075ECB1 /* Base */; };
		30745E4D2C98A2D50075ECB1 /* RickAndMortyTests.swift in Sources */ = {isa = PBXBuildFile; fileRef = 30745E4C2C98A2D50075ECB1 /* RickAndMortyTests.swift */; };
		30745E572C98A2D50075ECB1 /* RickAndMortyUITests.swift in Sources */ = {isa = PBXBuildFile; fileRef = 30745E562C98A2D50075ECB1 /* RickAndMortyUITests.swift */; };
		30745E592C98A2D50075ECB1 /* RickAndMortyUITestsLaunchTests.swift in Sources */ = {isa = PBXBuildFile; fileRef = 30745E582C98A2D50075ECB1 /* RickAndMortyUITestsLaunchTests.swift */; };
/* End PBXBuildFile section */

/* Begin PBXContainerItemProxy section */
		30745E492C98A2D50075ECB1 /* PBXContainerItemProxy */ = {
			isa = PBXContainerItemProxy;
			containerPortal = 30745E272C98A2D40075ECB1 /* Project object */;
			proxyType = 1;
			remoteGlobalIDString = 30745E2E2C98A2D40075ECB1;
			remoteInfo = RickAndMorty;
		};
		30745E532C98A2D50075ECB1 /* PBXContainerItemProxy */ = {
			isa = PBXContainerItemProxy;
			containerPortal = 30745E272C98A2D40075ECB1 /* Project object */;
			proxyType = 1;
			remoteGlobalIDString = 30745E2E2C98A2D40075ECB1;
			remoteInfo = RickAndMorty;
		};
/* End PBXContainerItemProxy section */

/* Begin PBXFileReference section */
		30745E2F2C98A2D40075ECB1 /* RickAndMorty.app */ = {isa = PBXFileReference; explicitFileType = wrapper.application; includeInIndex = 0; path = RickAndMorty.app; sourceTree = BUILT_PRODUCTS_DIR; };
		30745E322C98A2D40075ECB1 /* AppDelegate.swift */ = {isa = PBXFileReference; lastKnownFileType = sourcecode.swift; path = AppDelegate.swift; sourceTree = "<group>"; };
		30745E342C98A2D40075ECB1 /* SceneDelegate.swift */ = {isa = PBXFileReference; lastKnownFileType = sourcecode.swift; path = SceneDelegate.swift; sourceTree = "<group>"; };
		30745E362C98A2D40075ECB1 /* ViewController.swift */ = {isa = PBXFileReference; lastKnownFileType = sourcecode.swift; path = ViewController.swift; sourceTree = "<group>"; };
		30745E392C98A2D40075ECB1 /* Base */ = {isa = PBXFileReference; lastKnownFileType = file.storyboard; name = Base; path = Base.lproj/Main.storyboard; sourceTree = "<group>"; };
		30745E3C2C98A2D40075ECB1 /* RickAndMorty.xcdatamodel */ = {isa = PBXFileReference; lastKnownFileType = wrapper.xcdatamodel; path = RickAndMorty.xcdatamodel; sourceTree = "<group>"; };
		30745E3E2C98A2D50075ECB1 /* Assets.xcassets */ = {isa = PBXFileReference; lastKnownFileType = folder.assetcatalog; path = Assets.xcassets; sourceTree = "<group>"; };
		30745E412C98A2D50075ECB1 /* Base */ = {isa = PBXFileReference; lastKnownFileType = file.storyboard; name = Base; path = Base.lproj/LaunchScreen.storyboard; sourceTree = "<group>"; };
		30745E432C98A2D50075ECB1 /* Info.plist */ = {isa = PBXFileReference; lastKnownFileType = text.plist.xml; path = Info.plist; sourceTree = "<group>"; };
		30745E482C98A2D50075ECB1 /* RickAndMortyTests.xctest */ = {isa = PBXFileReference; explicitFileType = wrapper.cfbundle; includeInIndex = 0; path = RickAndMortyTests.xctest; sourceTree = BUILT_PRODUCTS_DIR; };
		30745E4C2C98A2D50075ECB1 /* RickAndMortyTests.swift */ = {isa = PBXFileReference; lastKnownFileType = sourcecode.swift; path = RickAndMortyTests.swift; sourceTree = "<group>"; };
		30745E522C98A2D50075ECB1 /* RickAndMortyUITests.xctest */ = {isa = PBXFileReference; explicitFileType = wrapper.cfbundle; includeInIndex = 0; path = RickAndMortyUITests.xctest; sourceTree = BUILT_PRODUCTS_DIR; };
		30745E562C98A2D50075ECB1 /* RickAndMortyUITests.swift */ = {isa = PBXFileReference; lastKnownFileType = sourcecode.swift; path = RickAndMortyUITests.swift; sourceTree = "<group>"; };
		30745E582C98A2D50075ECB1 /* RickAndMortyUITestsLaunchTests.swift */ = {isa = PBXFileReference; lastKnownFileType = sourcecode.swift; path = RickAndMortyUITestsLaunchTests.swift; sourceTree = "<group>"; };
/* End PBXFileReference section */

/* Begin PBXFrameworksBuildPhase section */
		30745E2C2C98A2D40075ECB1 /* Frameworks */ = {
			isa = PBXFrameworksBuildPhase;
			buildActionMask = 2147483647;
			files = (
			);
			runOnlyForDeploymentPostprocessing = 0;
		};
		30745E452C98A2D50075ECB1 /* Frameworks */ = {
			isa = PBXFrameworksBuildPhase;
			buildActionMask = 2147483647;
			files = (
			);
			runOnlyForDeploymentPostprocessing = 0;
		};
		30745E4F2C98A2D50075ECB1 /* Frameworks */ = {
			isa = PBXFrameworksBuildPhase;
			buildActionMask = 2147483647;
			files = (
			);
			runOnlyForDeploymentPostprocessing = 0;
		};
/* End PBXFrameworksBuildPhase section */

/* Begin PBXGroup section */
		30745E262C98A2D40075ECB1 = {
			isa = PBXGroup;
			children = (
				30745E312C98A2D40075ECB1 /* RickAndMorty */,
				30745E4B2C98A2D50075ECB1 /* RickAndMortyTests */,
				30745E552C98A2D50075ECB1 /* RickAndMortyUITests */,
				30745E302C98A2D40075ECB1 /* Products */,
			);
			sourceTree = "<group>";
		};
		30745E302C98A2D40075ECB1 /* Products */ = {
			isa = PBXGroup;
			children = (
				30745E2F2C98A2D40075ECB1 /* RickAndMorty.app */,
				30745E482C98A2D50075ECB1 /* RickAndMortyTests.xctest */,
				30745E522C98A2D50075ECB1 /* RickAndMortyUITests.xctest */,
			);
			name = Products;
			sourceTree = "<group>";
		};
		30745E312C98A2D40075ECB1 /* RickAndMorty */ = {
			isa = PBXGroup;
			children = (
				30745E322C98A2D40075ECB1 /* AppDelegate.swift */,
				30745E342C98A2D40075ECB1 /* SceneDelegate.swift */,
				30745E362C98A2D40075ECB1 /* ViewController.swift */,
				30745E382C98A2D40075ECB1 /* Main.storyboard */,
				30745E3E2C98A2D50075ECB1 /* Assets.xcassets */,
				30745E402C98A2D50075ECB1 /* LaunchScreen.storyboard */,
				30745E432C98A2D50075ECB1 /* Info.plist */,
				30745E3B2C98A2D40075ECB1 /* RickAndMorty.xcdatamodeld */,
			);
			path = RickAndMorty;
			sourceTree = "<group>";
		};
		30745E4B2C98A2D50075ECB1 /* RickAndMortyTests */ = {
			isa = PBXGroup;
			children = (
				30745E4C2C98A2D50075ECB1 /* RickAndMortyTests.swift */,
			);
			path = RickAndMortyTests;
			sourceTree = "<group>";
		};
		30745E552C98A2D50075ECB1 /* RickAndMortyUITests */ = {
			isa = PBXGroup;
			children = (
				30745E562C98A2D50075ECB1 /* RickAndMortyUITests.swift */,
				30745E582C98A2D50075ECB1 /* RickAndMortyUITestsLaunchTests.swift */,
			);
			path = RickAndMortyUITests;
			sourceTree = "<group>";
		};
/* End PBXGroup section */

/* Begin PBXNativeTarget section */
		30745E2E2C98A2D40075ECB1 /* RickAndMorty */ = {
			isa = PBXNativeTarget;
			buildConfigurationList = 30745E5C2C98A2D50075ECB1 /* Build configuration list for PBXNativeTarget "RickAndMorty" */;
			buildPhases = (
				30745E2B2C98A2D40075ECB1 /* Sources */,
				30745E2C2C98A2D40075ECB1 /* Frameworks */,
				30745E2D2C98A2D40075ECB1 /* Resources */,
			);
			buildRules = (
			);
			dependencies = (
			);
			name = RickAndMorty;
			productName = RickAndMorty;
			productReference = 30745E2F2C98A2D40075ECB1 /* RickAndMorty.app */;
			productType = "com.apple.product-type.application";
		};
		30745E472C98A2D50075ECB1 /* RickAndMortyTests */ = {
			isa = PBXNativeTarget;
			buildConfigurationList = 30745E5F2C98A2D50075ECB1 /* Build configuration list for PBXNativeTarget "RickAndMortyTests" */;
			buildPhases = (
				30745E442C98A2D50075ECB1 /* Sources */,
				30745E452C98A2D50075ECB1 /* Frameworks */,
				30745E462C98A2D50075ECB1 /* Resources */,
			);
			buildRules = (
			);
			dependencies = (
				30745E4A2C98A2D50075ECB1 /* PBXTargetDependency */,
			);
			name = RickAndMortyTests;
			productName = RickAndMortyTests;
			productReference = 30745E482C98A2D50075ECB1 /* RickAndMortyTests.xctest */;
			productType = "com.apple.product-type.bundle.unit-test";
		};
		30745E512C98A2D50075ECB1 /* RickAndMortyUITests */ = {
			isa = PBXNativeTarget;
			buildConfigurationList = 30745E622C98A2D50075ECB1 /* Build configuration list for PBXNativeTarget "RickAndMortyUITests" */;
			buildPhases = (
				30745E4E2C98A2D50075ECB1 /* Sources */,
				30745E4F2C98A2D50075ECB1 /* Frameworks */,
				30745E502C98A2D50075ECB1 /* Resources */,
			);
			buildRules = (
			);
			dependencies = (
				30745E542C98A2D50075ECB1 /* PBXTargetDependency */,
			);
			name = RickAndMortyUITests;
			productName = RickAndMortyUITests;
			productReference = 30745E522C98A2D50075ECB1 /* RickAndMortyUITests.xctest */;
			productType = "com.apple.product-type.bundle.ui-testing";
		};
/* End PBXNativeTarget section */

/* Begin PBXProject section */
		30745E272C98A2D40075ECB1 /* Project object */ = {
			isa = PBXProject;
			attributes = {
				BuildIndependentTargetsInParallel = 1;
				LastSwiftUpdateCheck = 1540;
				LastUpgradeCheck = 1540;
				TargetAttributes = {
					30745E2E2C98A2D40075ECB1 = {
						CreatedOnToolsVersion = 15.4;
					};
					30745E472C98A2D50075ECB1 = {
						CreatedOnToolsVersion = 15.4;
						TestTargetID = 30745E2E2C98A2D40075ECB1;
					};
					30745E512C98A2D50075ECB1 = {
						CreatedOnToolsVersion = 15.4;
						TestTargetID = 30745E2E2C98A2D40075ECB1;
					};
				};
			};
			buildConfigurationList = 30745E2A2C98A2D40075ECB1 /* Build configuration list for PBXProject "RickAndMorty" */;
			compatibilityVersion = "Xcode 14.0";
			developmentRegion = en;
			hasScannedForEncodings = 0;
			knownRegions = (
				en,
				Base,
			);
			mainGroup = 30745E262C98A2D40075ECB1;
			productRefGroup = 30745E302C98A2D40075ECB1 /* Products */;
			projectDirPath = "";
			projectRoot = "";
			targets = (
				30745E2E2C98A2D40075ECB1 /* RickAndMorty */,
				30745E472C98A2D50075ECB1 /* RickAndMortyTests */,
				30745E512C98A2D50075ECB1 /* RickAndMortyUITests */,
			);
		};
/* End PBXProject section */

/* Begin PBXResourcesBuildPhase section */
		30745E2D2C98A2D40075ECB1 /* Resources */ = {
			isa = PBXResourcesBuildPhase;
			buildActionMask = 2147483647;
			files = (
				30745E3F2C98A2D50075ECB1 /* Assets.xcassets in Resources */,
				30745E422C98A2D50075ECB1 /* Base in Resources */,
				30745E3A2C98A2D40075ECB1 /* Base in Resources */,
			);
			runOnlyForDeploymentPostprocessing = 0;
		};
		30745E462C98A2D50075ECB1 /* Resources */ = {
			isa = PBXResourcesBuildPhase;
			buildActionMask = 2147483647;
			files = (
			);
			runOnlyForDeploymentPostprocessing = 0;
		};
		30745E502C98A2D50075ECB1 /* Resources */ = {
			isa = PBXResourcesBuildPhase;
			buildActionMask = 2147483647;
			files = (
			);
			runOnlyForDeploymentPostprocessing = 0;
		};
/* End PBXResourcesBuildPhase section */

/* Begin PBXSourcesBuildPhase section */
		30745E2B2C98A2D40075ECB1 /* Sources */ = {
			isa = PBXSourcesBuildPhase;
			buildActionMask = 2147483647;
			files = (
				30745E3D2C98A2D40075ECB1 /* RickAndMorty.xcdatamodeld in Sources */,
				30745E372C98A2D40075ECB1 /* ViewController.swift in Sources */,
				30745E332C98A2D40075ECB1 /* AppDelegate.swift in Sources */,
				30745E352C98A2D40075ECB1 /* SceneDelegate.swift in Sources */,
			);
			runOnlyForDeploymentPostprocessing = 0;
		};
		30745E442C98A2D50075ECB1 /* Sources */ = {
			isa = PBXSourcesBuildPhase;
			buildActionMask = 2147483647;
			files = (
				30745E4D2C98A2D50075ECB1 /* RickAndMortyTests.swift in Sources */,
			);
			runOnlyForDeploymentPostprocessing = 0;
		};
		30745E4E2C98A2D50075ECB1 /* Sources */ = {
			isa = PBXSourcesBuildPhase;
			buildActionMask = 2147483647;
			files = (
				30745E572C98A2D50075ECB1 /* RickAndMortyUITests.swift in Sources */,
				30745E592C98A2D50075ECB1 /* RickAndMortyUITestsLaunchTests.swift in Sources */,
			);
			runOnlyForDeploymentPostprocessing = 0;
		};
/* End PBXSourcesBuildPhase section */

/* Begin PBXTargetDependency section */
		30745E4A2C98A2D50075ECB1 /* PBXTargetDependency */ = {
			isa = PBXTargetDependency;
			target = 30745E2E2C98A2D40075ECB1 /* RickAndMorty */;
			targetProxy = 30745E492C98A2D50075ECB1 /* PBXContainerItemProxy */;
		};
		30745E542C98A2D50075ECB1 /* PBXTargetDependency */ = {
			isa = PBXTargetDependency;
			target = 30745E2E2C98A2D40075ECB1 /* RickAndMorty */;
			targetProxy = 30745E532C98A2D50075ECB1 /* PBXContainerItemProxy */;
		};
/* End PBXTargetDependency section */

/* Begin PBXVariantGroup section */
		30745E382C98A2D40075ECB1 /* Main.storyboard */ = {
			isa = PBXVariantGroup;
			children = (
				30745E392C98A2D40075ECB1 /* Base */,
			);
			name = Main.storyboard;
			sourceTree = "<group>";
		};
		30745E402C98A2D50075ECB1 /* LaunchScreen.storyboard */ = {
			isa = PBXVariantGroup;
			children = (
				30745E412C98A2D50075ECB1 /* Base */,
			);
			name = LaunchScreen.storyboard;
			sourceTree = "<group>";
		};
/* End PBXVariantGroup section */

/* Begin XCBuildConfiguration section */
		30745E5A2C98A2D50075ECB1 /* Debug */ = {
			isa = XCBuildConfiguration;
			buildSettings = {
				ALWAYS_SEARCH_USER_PATHS = NO;
				ASSETCATALOG_COMPILER_GENERATE_SWIFT_ASSET_SYMBOL_EXTENSIONS = YES;
				CLANG_ANALYZER_NONNULL = YES;
				CLANG_ANALYZER_NUMBER_OBJECT_CONVERSION = YES_AGGRESSIVE;
				CLANG_CXX_LANGUAGE_STANDARD = "gnu++20";
				CLANG_ENABLE_MODULES = YES;
				CLANG_ENABLE_OBJC_ARC = YES;
				CLANG_ENABLE_OBJC_WEAK = YES;
				CLANG_WARN_BLOCK_CAPTURE_AUTORELEASING = YES;
				CLANG_WARN_BOOL_CONVERSION = YES;
				CLANG_WARN_COMMA = YES;
				CLANG_WARN_CONSTANT_CONVERSION = YES;
				CLANG_WARN_DEPRECATED_OBJC_IMPLEMENTATIONS = YES;
				CLANG_WARN_DIRECT_OBJC_ISA_USAGE = YES_ERROR;
				CLANG_WARN_DOCUMENTATION_COMMENTS = YES;
				CLANG_WARN_EMPTY_BODY = YES;
				CLANG_WARN_ENUM_CONVERSION = YES;
				CLANG_WARN_INFINITE_RECURSION = YES;
				CLANG_WARN_INT_CONVERSION = YES;
				CLANG_WARN_NON_LITERAL_NULL_CONVERSION = YES;
				CLANG_WARN_OBJC_IMPLICIT_RETAIN_SELF = YES;
				CLANG_WARN_OBJC_LITERAL_CONVERSION = YES;
				CLANG_WARN_OBJC_ROOT_CLASS = YES_ERROR;
				CLANG_WARN_QUOTED_INCLUDE_IN_FRAMEWORK_HEADER = YES;
				CLANG_WARN_RANGE_LOOP_ANALYSIS = YES;
				CLANG_WARN_STRICT_PROTOTYPES = YES;
				CLANG_WARN_SUSPICIOUS_MOVE = YES;
				CLANG_WARN_UNGUARDED_AVAILABILITY = YES_AGGRESSIVE;
				CLANG_WARN_UNREACHABLE_CODE = YES;
				CLANG_WARN__DUPLICATE_METHOD_MATCH = YES;
				COPY_PHASE_STRIP = NO;
				DEBUG_INFORMATION_FORMAT = dwarf;
				ENABLE_STRICT_OBJC_MSGSEND = YES;
				ENABLE_TESTABILITY = YES;
				ENABLE_USER_SCRIPT_SANDBOXING = YES;
				GCC_C_LANGUAGE_STANDARD = gnu17;
				GCC_DYNAMIC_NO_PIC = NO;
				GCC_NO_COMMON_BLOCKS = YES;
				GCC_OPTIMIZATION_LEVEL = 0;
				GCC_PREPROCESSOR_DEFINITIONS = (
					"DEBUG=1",
					"$(inherited)",
				);
				GCC_WARN_64_TO_32_BIT_CONVERSION = YES;
				GCC_WARN_ABOUT_RETURN_TYPE = YES_ERROR;
				GCC_WARN_UNDECLARED_SELECTOR = YES;
				GCC_WARN_UNINITIALIZED_AUTOS = YES_AGGRESSIVE;
				GCC_WARN_UNUSED_FUNCTION = YES;
				GCC_WARN_UNUSED_VARIABLE = YES;
				IPHONEOS_DEPLOYMENT_TARGET = 17.5;
				LOCALIZATION_PREFERS_STRING_CATALOGS = YES;
				MTL_ENABLE_DEBUG_INFO = INCLUDE_SOURCE;
				MTL_FAST_MATH = YES;
				ONLY_ACTIVE_ARCH = YES;
				SDKROOT = iphoneos;
				SWIFT_ACTIVE_COMPILATION_CONDITIONS = "DEBUG $(inherited)";
				SWIFT_OPTIMIZATION_LEVEL = "-Onone";
			};
			name = Debug;
		};
		30745E5B2C98A2D50075ECB1 /* Release */ = {
			isa = XCBuildConfiguration;
			buildSettings = {
				ALWAYS_SEARCH_USER_PATHS = NO;
				ASSETCATALOG_COMPILER_GENERATE_SWIFT_ASSET_SYMBOL_EXTENSIONS = YES;
				CLANG_ANALYZER_NONNULL = YES;
				CLANG_ANALYZER_NUMBER_OBJECT_CONVERSION = YES_AGGRESSIVE;
				CLANG_CXX_LANGUAGE_STANDARD = "gnu++20";
				CLANG_ENABLE_MODULES = YES;
				CLANG_ENABLE_OBJC_ARC = YES;
				CLANG_ENABLE_OBJC_WEAK = YES;
				CLANG_WARN_BLOCK_CAPTURE_AUTORELEASING = YES;
				CLANG_WARN_BOOL_CONVERSION = YES;
				CLANG_WARN_COMMA = YES;
				CLANG_WARN_CONSTANT_CONVERSION = YES;
				CLANG_WARN_DEPRECATED_OBJC_IMPLEMENTATIONS = YES;
				CLANG_WARN_DIRECT_OBJC_ISA_USAGE = YES_ERROR;
				CLANG_WARN_DOCUMENTATION_COMMENTS = YES;
				CLANG_WARN_EMPTY_BODY = YES;
				CLANG_WARN_ENUM_CONVERSION = YES;
				CLANG_WARN_INFINITE_RECURSION = YES;
				CLANG_WARN_INT_CONVERSION = YES;
				CLANG_WARN_NON_LITERAL_NULL_CONVERSION = YES;
				CLANG_WARN_OBJC_IMPLICIT_RETAIN_SELF = YES;
				CLANG_WARN_OBJC_LITERAL_CONVERSION = YES;
				CLANG_WARN_OBJC_ROOT_CLASS = YES_ERROR;
				CLANG_WARN_QUOTED_INCLUDE_IN_FRAMEWORK_HEADER = YES;
				CLANG_WARN_RANGE_LOOP_ANALYSIS = YES;
				CLANG_WARN_STRICT_PROTOTYPES = YES;
				CLANG_WARN_SUSPICIOUS_MOVE = YES;
				CLANG_WARN_UNGUARDED_AVAILABILITY = YES_AGGRESSIVE;
				CLANG_WARN_UNREACHABLE_CODE = YES;
				CLANG_WARN__DUPLICATE_METHOD_MATCH = YES;
				COPY_PHASE_STRIP = NO;
				DEBUG_INFORMATION_FORMAT = "dwarf-with-dsym";
				ENABLE_NS_ASSERTIONS = NO;
				ENABLE_STRICT_OBJC_MSGSEND = YES;
				ENABLE_USER_SCRIPT_SANDBOXING = YES;
				GCC_C_LANGUAGE_STANDARD = gnu17;
				GCC_NO_COMMON_BLOCKS = YES;
				GCC_WARN_64_TO_32_BIT_CONVERSION = YES;
				GCC_WARN_ABOUT_RETURN_TYPE = YES_ERROR;
				GCC_WARN_UNDECLARED_SELECTOR = YES;
				GCC_WARN_UNINITIALIZED_AUTOS = YES_AGGRESSIVE;
				GCC_WARN_UNUSED_FUNCTION = YES;
				GCC_WARN_UNUSED_VARIABLE = YES;
				IPHONEOS_DEPLOYMENT_TARGET = 17.5;
				LOCALIZATION_PREFERS_STRING_CATALOGS = YES;
				MTL_ENABLE_DEBUG_INFO = NO;
				MTL_FAST_MATH = YES;
				SDKROOT = iphoneos;
				SWIFT_COMPILATION_MODE = wholemodule;
				VALIDATE_PRODUCT = YES;
			};
			name = Release;
		};
		30745E5D2C98A2D50075ECB1 /* Debug */ = {
			isa = XCBuildConfiguration;
			buildSettings = {
				ASSETCATALOG_COMPILER_APPICON_NAME = AppIcon;
				ASSETCATALOG_COMPILER_GLOBAL_ACCENT_COLOR_NAME = AccentColor;
				CODE_SIGN_STYLE = Automatic;
				CURRENT_PROJECT_VERSION = 1;
				GENERATE_INFOPLIST_FILE = YES;
				INFOPLIST_FILE = RickAndMorty/Info.plist;
				INFOPLIST_KEY_UIApplicationSupportsIndirectInputEvents = YES;
				INFOPLIST_KEY_UILaunchStoryboardName = LaunchScreen;
				INFOPLIST_KEY_UIMainStoryboardFile = Main;
				INFOPLIST_KEY_UISupportedInterfaceOrientations_iPad = "UIInterfaceOrientationPortrait UIInterfaceOrientationPortraitUpsideDown UIInterfaceOrientationLandscapeLeft UIInterfaceOrientationLandscapeRight";
				INFOPLIST_KEY_UISupportedInterfaceOrientations_iPhone = "UIInterfaceOrientationPortrait UIInterfaceOrientationLandscapeLeft UIInterfaceOrientationLandscapeRight";
				LD_RUNPATH_SEARCH_PATHS = (
					"$(inherited)",
					"@executable_path/Frameworks",
				);
				MARKETING_VERSION = 1.0;
				PRODUCT_BUNDLE_IDENTIFIER = com.mertmelihaytemur.RickAndMorty;
				PRODUCT_NAME = "$(TARGET_NAME)";
				SWIFT_EMIT_LOC_STRINGS = YES;
				SWIFT_VERSION = 5.0;
				TARGETED_DEVICE_FAMILY = "1,2";
			};
			name = Debug;
		};
		30745E5E2C98A2D50075ECB1 /* Release */ = {
			isa = XCBuildConfiguration;
			buildSettings = {
				ASSETCATALOG_COMPILER_APPICON_NAME = AppIcon;
				ASSETCATALOG_COMPILER_GLOBAL_ACCENT_COLOR_NAME = AccentColor;
				CODE_SIGN_STYLE = Automatic;
				CURRENT_PROJECT_VERSION = 1;
				GENERATE_INFOPLIST_FILE = YES;
				INFOPLIST_FILE = RickAndMorty/Info.plist;
				INFOPLIST_KEY_UIApplicationSupportsIndirectInputEvents = YES;
				INFOPLIST_KEY_UILaunchStoryboardName = LaunchScreen;
				INFOPLIST_KEY_UIMainStoryboardFile = Main;
				INFOPLIST_KEY_UISupportedInterfaceOrientations_iPad = "UIInterfaceOrientationPortrait UIInterfaceOrientationPortraitUpsideDown UIInterfaceOrientationLandscapeLeft UIInterfaceOrientationLandscapeRight";
				INFOPLIST_KEY_UISupportedInterfaceOrientations_iPhone = "UIInterfaceOrientationPortrait UIInterfaceOrientationLandscapeLeft UIInterfaceOrientationLandscapeRight";
				LD_RUNPATH_SEARCH_PATHS = (
					"$(inherited)",
					"@executable_path/Frameworks",
				);
				MARKETING_VERSION = 1.0;
				PRODUCT_BUNDLE_IDENTIFIER = com.mertmelihaytemur.RickAndMorty;
				PRODUCT_NAME = "$(TARGET_NAME)";
				SWIFT_EMIT_LOC_STRINGS = YES;
				SWIFT_VERSION = 5.0;
				TARGETED_DEVICE_FAMILY = "1,2";
			};
			name = Release;
		};
		30745E602C98A2D50075ECB1 /* Debug */ = {
			isa = XCBuildConfiguration;
			buildSettings = {
				ALWAYS_EMBED_SWIFT_STANDARD_LIBRARIES = YES;
				BUNDLE_LOADER = "$(TEST_HOST)";
				CODE_SIGN_STYLE = Automatic;
				CURRENT_PROJECT_VERSION = 1;
				GENERATE_INFOPLIST_FILE = YES;
				IPHONEOS_DEPLOYMENT_TARGET = 17.5;
				MARKETING_VERSION = 1.0;
				PRODUCT_BUNDLE_IDENTIFIER = com.mertmelihaytemur.RickAndMortyTests;
				PRODUCT_NAME = "$(TARGET_NAME)";
				SWIFT_EMIT_LOC_STRINGS = NO;
				SWIFT_VERSION = 5.0;
				TARGETED_DEVICE_FAMILY = "1,2";
				TEST_HOST = "$(BUILT_PRODUCTS_DIR)/RickAndMorty.app/$(BUNDLE_EXECUTABLE_FOLDER_PATH)/RickAndMorty";
			};
			name = Debug;
		};
		30745E612C98A2D50075ECB1 /* Release */ = {
			isa = XCBuildConfiguration;
			buildSettings = {
				ALWAYS_EMBED_SWIFT_STANDARD_LIBRARIES = YES;
				BUNDLE_LOADER = "$(TEST_HOST)";
				CODE_SIGN_STYLE = Automatic;
				CURRENT_PROJECT_VERSION = 1;
				GENERATE_INFOPLIST_FILE = YES;
				IPHONEOS_DEPLOYMENT_TARGET = 17.5;
				MARKETING_VERSION = 1.0;
				PRODUCT_BUNDLE_IDENTIFIER = com.mertmelihaytemur.RickAndMortyTests;
				PRODUCT_NAME = "$(TARGET_NAME)";
				SWIFT_EMIT_LOC_STRINGS = NO;
				SWIFT_VERSION = 5.0;
				TARGETED_DEVICE_FAMILY = "1,2";
				TEST_HOST = "$(BUILT_PRODUCTS_DIR)/RickAndMorty.app/$(BUNDLE_EXECUTABLE_FOLDER_PATH)/RickAndMorty";
			};
			name = Release;
		};
		30745E632C98A2D50075ECB1 /* Debug */ = {
			isa = XCBuildConfiguration;
			buildSettings = {
				ALWAYS_EMBED_SWIFT_STANDARD_LIBRARIES = YES;
				CODE_SIGN_STYLE = Automatic;
				CURRENT_PROJECT_VERSION = 1;
				GENERATE_INFOPLIST_FILE = YES;
				MARKETING_VERSION = 1.0;
				PRODUCT_BUNDLE_IDENTIFIER = com.mertmelihaytemur.RickAndMortyUITests;
				PRODUCT_NAME = "$(TARGET_NAME)";
				SWIFT_EMIT_LOC_STRINGS = NO;
				SWIFT_VERSION = 5.0;
				TARGETED_DEVICE_FAMILY = "1,2";
				TEST_TARGET_NAME = RickAndMorty;
			};
			name = Debug;
		};
		30745E642C98A2D50075ECB1 /* Release */ = {
			isa = XCBuildConfiguration;
			buildSettings = {
				ALWAYS_EMBED_SWIFT_STANDARD_LIBRARIES = YES;
				CODE_SIGN_STYLE = Automatic;
				CURRENT_PROJECT_VERSION = 1;
				GENERATE_INFOPLIST_FILE = YES;
				MARKETING_VERSION = 1.0;
				PRODUCT_BUNDLE_IDENTIFIER = com.mertmelihaytemur.RickAndMortyUITests;
				PRODUCT_NAME = "$(TARGET_NAME)";
				SWIFT_EMIT_LOC_STRINGS = NO;
				SWIFT_VERSION = 5.0;
				TARGETED_DEVICE_FAMILY = "1,2";
				TEST_TARGET_NAME = RickAndMorty;
			};
			name = Release;
		};
/* End XCBuildConfiguration section */

/* Begin XCConfigurationList section */
		30745E2A2C98A2D40075ECB1 /* Build configuration list for PBXProject "RickAndMorty" */ = {
			isa = XCConfigurationList;
			buildConfigurations = (
				30745E5A2C98A2D50075ECB1 /* Debug */,
				30745E5B2C98A2D50075ECB1 /* Release */,
			);
			defaultConfigurationIsVisible = 0;
			defaultConfigurationName = Release;
		};
		30745E5C2C98A2D50075ECB1 /* Build configuration list for PBXNativeTarget "RickAndMorty" */ = {
			isa = XCConfigurationList;
			buildConfigurations = (
				30745E5D2C98A2D50075ECB1 /* Debug */,
				30745E5E2C98A2D50075ECB1 /* Release */,
			);
			defaultConfigurationIsVisible = 0;
			defaultConfigurationName = Release;
		};
		30745E5F2C98A2D50075ECB1 /* Build configuration list for PBXNativeTarget "RickAndMortyTests" */ = {
			isa = XCConfigurationList;
			buildConfigurations = (
				30745E602C98A2D50075ECB1 /* Debug */,
				30745E612C98A2D50075ECB1 /* Release */,
			);
			defaultConfigurationIsVisible = 0;
			defaultConfigurationName = Release;
		};
		30745E622C98A2D50075ECB1 /* Build configuration list for PBXNativeTarget "RickAndMortyUITests" */ = {
			isa = XCConfigurationList;
			buildConfigurations = (
				30745E632C98A2D50075ECB1 /* Debug */,
				30745E642C98A2D50075ECB1 /* Release */,
			);
			defaultConfigurationIsVisible = 0;
			defaultConfigurationName = Release;
		};
/* End XCConfigurationList section */

/* Begin XCVersionGroup section */
		30745E3B2C98A2D40075ECB1 /* RickAndMorty.xcdatamodeld */ = {
			isa = XCVersionGroup;
			children = (
				30745E3C2C98A2D40075ECB1 /* RickAndMorty.xcdatamodel */,
			);
			currentVersion = 30745E3C2C98A2D40075ECB1 /* RickAndMorty.xcdatamodel */;
			path = RickAndMorty.xcdatamodeld;
			sourceTree = "<group>";
			versionGroupType = wrapper.xcdatamodel;
		};
/* End XCVersionGroup section */
	};
	rootObject = 30745E272C98A2D40075ECB1 /* Project object */;
}
